
Microsoft Visual Studio Solution File, Format Version 12.00
# Visual Studio 15
VisualStudioVersion = 15.0.28307.329
MinimumVisualStudioVersion = 10.0.40219.1
Project("{FAE04EC0-301F-11D3-BF4B-00C04F79EFBC}") = "SUPPORTMVC.WEB", "SUPPORTMVC.WEB\SUPPORTMVC.WEB.csproj", "{495E5E64-9BED-4BD1-97BA-9183CEBD318C}"
EndProject
Project("{FAE04EC0-301F-11D3-BF4B-00C04F79EFBC}") = "SUPPORTMVC.DLL", "SUPPORTMVC.DLL\SUPPORTMVC.DLL.csproj", "{032A5E84-20DC-484C-A95C-6FED79AE4A57}"
EndProject
Project("{FAE04EC0-301F-11D3-BF4B-00C04F79EFBC}") = "SUPPORTMVC.BLL", "SUPPORTMVC.BLL\SUPPORTMVC.BLL.csproj", "{81488FA0-8181-4598-A270-812E14E024CC}"
EndProject
Project("{FAE04EC0-301F-11D3-BF4B-00C04F79EFBC}") = "SUPPORTMVC.ENTITIES", "SUPPORTMVC.ENTITIES\SUPPORTMVC.ENTITIES.csproj", "{D54B1BC5-E10E-4AFE-AD1F-B7ACEB9FAF0D}"
EndProject
Project("{FAE04EC0-301F-11D3-BF4B-00C04F79EFBC}") = "SUPPORTMVC.COMMON", "SUPPORTMVC.COMMON\SUPPORTMVC.COMMON.csproj", "{96E5D0A9-2698-41B0-9B54-FED69A042E02}"
EndProject
Project("{FAE04EC0-301F-11D3-BF4B-00C04F79EFBC}") = "SUPPORTMVC.CORE", "SUPPORTMVC.CORE\SUPPORTMVC.CORE.csproj", "{4907F380-F4AB-484C-B8F7-1BC9F7E6A51B}"
EndProject
Global
	GlobalSection(SolutionConfigurationPlatforms) = preSolution
		Debug|Any CPU = Debug|Any CPU
		Release|Any CPU = Release|Any CPU
	EndGlobalSection
	GlobalSection(ProjectConfigurationPlatforms) = postSolution
		{495E5E64-9BED-4BD1-97BA-9183CEBD318C}.Debug|Any CPU.ActiveCfg = Debug|Any CPU
		{495E5E64-9BED-4BD1-97BA-9183CEBD318C}.Debug|Any CPU.Build.0 = Debug|Any CPU
		{495E5E64-9BED-4BD1-97BA-9183CEBD318C}.Release|Any CPU.ActiveCfg = Release|Any CPU
		{495E5E64-9BED-4BD1-97BA-9183CEBD318C}.Release|Any CPU.Build.0 = Release|Any CPU
		{032A5E84-20DC-484C-A95C-6FED79AE4A57}.Debug|Any CPU.ActiveCfg = Debug|Any CPU
		{032A5E84-20DC-484C-A95C-6FED79AE4A57}.Debug|Any CPU.Build.0 = Debug|Any CPU
		{032A5E84-20DC-484C-A95C-6FED79AE4A57}.Release|Any CPU.ActiveCfg = Release|Any CPU
		{032A5E84-20DC-484C-A95C-6FED79AE4A57}.Release|Any CPU.Build.0 = Release|Any CPU
		{81488FA0-8181-4598-A270-812E14E024CC}.Debug|Any CPU.ActiveCfg = Debug|Any CPU
		{81488FA0-8181-4598-A270-812E14E024CC}.Debug|Any CPU.Build.0 = Debug|Any CPU
		{81488FA0-8181-4598-A270-812E14E024CC}.Release|Any CPU.ActiveCfg = Release|Any CPU
		{81488FA0-8181-4598-A270-812E14E024CC}.Release|Any CPU.Build.0 = Release|Any CPU
		{D54B1BC5-E10E-4AFE-AD1F-B7ACEB9FAF0D}.Debug|Any CPU.ActiveCfg = Debug|Any CPU
		{D54B1BC5-E10E-4AFE-AD1F-B7ACEB9FAF0D}.Debug|Any CPU.Build.0 = Debug|Any CPU
		{D54B1BC5-E10E-4AFE-AD1F-B7ACEB9FAF0D}.Release|Any CPU.ActiveCfg = Release|Any CPU
		{D54B1BC5-E10E-4AFE-AD1F-B7ACEB9FAF0D}.Release|Any CPU.Build.0 = Release|Any CPU
		{96E5D0A9-2698-41B0-9B54-FED69A042E02}.Debug|Any CPU.ActiveCfg = Debug|Any CPU
		{96E5D0A9-2698-41B0-9B54-FED69A042E02}.Debug|Any CPU.Build.0 = Debug|Any CPU
		{96E5D0A9-2698-41B0-9B54-FED69A042E02}.Release|Any CPU.ActiveCfg = Release|Any CPU
		{96E5D0A9-2698-41B0-9B54-FED69A042E02}.Release|Any CPU.Build.0 = Release|Any CPU
		{4907F380-F4AB-484C-B8F7-1BC9F7E6A51B}.Debug|Any CPU.ActiveCfg = Debug|Any CPU
		{4907F380-F4AB-484C-B8F7-1BC9F7E6A51B}.Debug|Any CPU.Build.0 = Debug|Any CPU
		{4907F380-F4AB-484C-B8F7-1BC9F7E6A51B}.Release|Any CPU.ActiveCfg = Release|Any CPU
		{4907F380-F4AB-484C-B8F7-1BC9F7E6A51B}.Release|Any CPU.Build.0 = Release|Any CPU
	EndGlobalSection
	GlobalSection(SolutionProperties) = preSolution
		HideSolutionNode = FALSE
	EndGlobalSection
	GlobalSection(ExtensibilityGlobals) = postSolution
		SolutionGuid = {3108FE3F-6913-4B21-B658-485965604B35}
	EndGlobalSection
EndGlobal
